<Solution>
  <Configurations>
    <Platform Name="ARM64" />
    <Platform Name="x64" />
    <Platform Name="x86" />
  </Configurations>
  <Folder Name="/Shared/">
    <Project Path="RuntimeComponent1/Collections/Collections.vcxitems" Id="395a71a1-4327-477b-85d4-af0851732ccb" />
    <Project Path="RuntimeComponent1/ResourceHelper/ResourceHelper.vcxitems" Id="45d41acc-2c3c-43d2-bc10-02aa73ffc7c7" />
  </Folder>
  <Project Path="CppWinRTModuleBuilder/CppWinRTModuleBuilder.vcxproj" Id="16e7b8c8-7b54-47e2-ae22-38e491ac5375" />
  <Project Path="RuntimeComponent1/RuntimeComponent1.vcxproj">
    <BuildDependency Project="CppWinRTModuleBuilder/CppWinRTModuleBuilder.vcxproj" />
  </Project>
</Solution>
