<Solution>
  <Configurations>
    <Platform Name="ARM64" />
    <Platform Name="x64" />
    <Platform Name="x86" />
  </Configurations>
  <Folder Name="/Shared/">
    <Project Path="RuntimeComponent1/Collections/Collections.vcxitems" Id="395a71a1-4327-477b-85d4-af0851732ccb" />
  </Folder>
  <Project Path="RuntimeComponent1/RuntimeComponent1.vcxproj" />
</Solution>
