<?xml version="1.0" encoding="utf-8"?>
<Project ToolsVersion="4.0" xmlns="http://schemas.microsoft.com/developer/msbuild/2003">
  <ItemGroup>
    <Filter Include="Core">
      <UniqueIdentifier>{24bb9109-1ae8-4c08-9d22-a1d06868c5f8}</UniqueIdentifier>
    </Filter>
    <Filter Include="View Changes">
      <UniqueIdentifier>{fd5dd9cc-e9e4-48db-a984-0b20cf3cb70a}</UniqueIdentifier>
    </Filter>
    <Filter Include="Scroll Controllers">
      <UniqueIdentifier>{8578bc9b-5f31-4fd8-94e8-d3818aceec7c}</UniqueIdentifier>
    </Filter>
    <Filter Include="Scrolling Events">
      <UniqueIdentifier>{55a29623-a69a-4337-a1d1-d639fd405be3}</UniqueIdentifier>
    </Filter>
    <Filter Include="Snap Points">
      <UniqueIdentifier>{cc51076c-0a31-4021-ae16-67c155704961}</UniqueIdentifier>
    </Filter>
    <Filter Include="Automation">
      <UniqueIdentifier>{121e430d-0edf-4682-8b62-5660d60fbf30}</UniqueIdentifier>
    </Filter>
    <Filter Include="Test Hooks">
      <UniqueIdentifier>{be606aa2-6b9a-42d5-98b0-f66be1f7a980}</UniqueIdentifier>
    </Filter>
    <Filter Include="IDL">
      <UniqueIdentifier>{2305372f-fe0a-4cc4-a133-a44d39a24cce}</UniqueIdentifier>
    </Filter>
    <Filter Include="Generated">
      <UniqueIdentifier>{c0ab91ee-5c0f-434e-895f-c7b9050c6e30}</UniqueIdentifier>
    </Filter>
  </ItemGroup>
  <ItemGroup>
    <Midl Include="$(MSBuildThisFileDirectory)ScrollPresenter.idl">
      <Filter>IDL</Filter>
    </Midl>
    <Midl Include="$(MSBuildThisFileDirectory)ScrollPresenterPrimitives.idl">
      <Filter>IDL</Filter>
    </Midl>
    <Midl Include="$(MSBuildThisFileDirectory)ScrollPresenterAutomationPeer.idl">
      <Filter>Automation</Filter>
    </Midl>
    <Midl Include="$(MSBuildThisFileDirectory)ScrollPresenterTestHooks.idl">
      <Filter>Test Hooks</Filter>
    </Midl>
  </ItemGroup>
  <ItemGroup>
    <ClCompile Include="$(MSBuildThisFileDirectory)..\Generated\ScrollPresenter.properties.cpp">
      <Filter>Generated</Filter>
    </ClCompile>
    <ClCompile Include="$(MSBuildThisFileDirectory)InteractionTrackerAsyncOperation.cpp">
      <Filter>Core</Filter>
    </ClCompile>
    <ClCompile Include="$(MSBuildThisFileDirectory)InteractionTrackerOwner.cpp">
      <Filter>Core</Filter>
    </ClCompile>
    <ClCompile Include="$(MSBuildThisFileDirectory)ScrollPresenter.cpp">
      <Filter>Core</Filter>
    </ClCompile>
    <ClCompile Include="$(MSBuildThisFileDirectory)ScrollPresenterAnchoring.cpp">
      <Filter>Core</Filter>
    </ClCompile>
    <ClCompile Include="$(MSBuildThisFileDirectory)ScrollPresenterPrivate.cpp">
      <Filter>Core</Filter>
    </ClCompile>
    <ClCompile Include="$(MSBuildThisFileDirectory)ScrollPresenterTypeLogging.cpp">
      <Filter>Core</Filter>
    </ClCompile>
    <ClCompile Include="$(MSBuildThisFileDirectory)BringIntoViewOffsetsChange.cpp">
      <Filter>View Changes</Filter>
    </ClCompile>
    <ClCompile Include="$(MSBuildThisFileDirectory)OffsetsChange.cpp">
      <Filter>View Changes</Filter>
    </ClCompile>
    <ClCompile Include="$(MSBuildThisFileDirectory)OffsetsChangeWithAdditionalVelocity.cpp">
      <Filter>View Changes</Filter>
    </ClCompile>
    <ClCompile Include="$(MSBuildThisFileDirectory)ViewChange.cpp">
      <Filter>View Changes</Filter>
    </ClCompile>
    <ClCompile Include="$(MSBuildThisFileDirectory)ZoomFactorChange.cpp">
      <Filter>View Changes</Filter>
    </ClCompile>
    <ClCompile Include="$(MSBuildThisFileDirectory)ZoomFactorChangeWithAdditionalVelocity.cpp">
      <Filter>View Changes</Filter>
    </ClCompile>
    <ClCompile Include="$(MSBuildThisFileDirectory)ScrollControllerAddScrollVelocityRequestedEventArgs.cpp">
      <Filter>Scroll Controllers</Filter>
    </ClCompile>
    <ClCompile Include="$(MSBuildThisFileDirectory)ScrollControllerPanRequestedEventArgs.cpp">
      <Filter>Scroll Controllers</Filter>
    </ClCompile>
    <ClCompile Include="$(MSBuildThisFileDirectory)ScrollControllerScrollByRequestedEventArgs.cpp">
      <Filter>Scroll Controllers</Filter>
    </ClCompile>
    <ClCompile Include="$(MSBuildThisFileDirectory)ScrollControllerScrollToRequestedEventArgs.cpp">
      <Filter>Scroll Controllers</Filter>
    </ClCompile>
    <ClCompile Include="$(MSBuildThisFileDirectory)ScrollingAnchorRequestedEventArgs.cpp">
      <Filter>Scrolling Events</Filter>
    </ClCompile>
    <ClCompile Include="$(MSBuildThisFileDirectory)ScrollingBringingIntoViewEventArgs.cpp">
      <Filter>Scrolling Events</Filter>
    </ClCompile>
    <ClCompile Include="$(MSBuildThisFileDirectory)ScrollingScrollAnimationStartingEventArgs.cpp">
      <Filter>Scrolling Events</Filter>
    </ClCompile>
    <ClCompile Include="$(MSBuildThisFileDirectory)ScrollingScrollCompletedEventArgs.cpp">
      <Filter>Scrolling Events</Filter>
    </ClCompile>
    <ClCompile Include="$(MSBuildThisFileDirectory)ScrollingScrollOptions.cpp">
      <Filter>Scrolling Events</Filter>
    </ClCompile>
    <ClCompile Include="$(MSBuildThisFileDirectory)ScrollingScrollStartingEventArgs.cpp">
      <Filter>Scrolling Events</Filter>
    </ClCompile>
    <ClCompile Include="$(MSBuildThisFileDirectory)ScrollingZoomAnimationStartingEventArgs.cpp">
      <Filter>Scrolling Events</Filter>
    </ClCompile>
    <ClCompile Include="$(MSBuildThisFileDirectory)ScrollingZoomCompletedEventArgs.cpp">
      <Filter>Scrolling Events</Filter>
    </ClCompile>
    <ClCompile Include="$(MSBuildThisFileDirectory)ScrollingZoomOptions.cpp">
      <Filter>Scrolling Events</Filter>
    </ClCompile>
    <ClCompile Include="$(MSBuildThisFileDirectory)ScrollingZoomStartingEventArgs.cpp">
      <Filter>Scrolling Events</Filter>
    </ClCompile>
    <ClCompile Include="$(MSBuildThisFileDirectory)SnapPoint.cpp">
      <Filter>Snap Points</Filter>
    </ClCompile>
    <ClCompile Include="$(MSBuildThisFileDirectory)SnapPointWrapper.cpp">
      <Filter>Snap Points</Filter>
    </ClCompile>
    <ClCompile Include="$(MSBuildThisFileDirectory)ScrollPresenterAutomationPeer.cpp">
      <Filter>Automation</Filter>
    </ClCompile>
    <ClCompile Include="$(MSBuildThisFileDirectory)ScrollPresenterTestHooks.cpp">
      <Filter>Test Hooks</Filter>
    </ClCompile>
    <ClCompile Include="$(MSBuildThisFileDirectory)ScrollPresenterTestHooksAnchorEvaluatedEventArgs.cpp">
      <Filter>Test Hooks</Filter>
    </ClCompile>
    <ClCompile Include="$(MSBuildThisFileDirectory)ScrollPresenterTestHooksExpressionAnimationStatusChangedEventArgs.cpp">
      <Filter>Test Hooks</Filter>
    </ClCompile>
    <ClCompile Include="$(MSBuildThisFileDirectory)ScrollPresenterTestHooksFactory.cpp">
      <Filter>Test Hooks</Filter>
    </ClCompile>
    <ClCompile Include="$(MSBuildThisFileDirectory)ScrollPresenterTestHooksInteractionSourcesChangedEventArgs.cpp">
      <Filter>Test Hooks</Filter>
    </ClCompile>
    <ClCompile Include="$(MSBuildThisFileDirectory)..\Generated\ScrollPresenter.properties.ixx" />
    <ClCompile Include="$(MSBuildThisFileDirectory)BringIntoViewOffsetsChange.ixx" />
    <ClCompile Include="$(MSBuildThisFileDirectory)InteractionTrackerAsyncOperation.ixx" />
    <ClCompile Include="$(MSBuildThisFileDirectory)InteractionTrackerOwner.ixx" />
    <ClCompile Include="$(MSBuildThisFileDirectory)OffsetsChange.ixx" />
    <ClCompile Include="$(MSBuildThisFileDirectory)OffsetsChangeWithAdditionalVelocity.ixx" />
    <ClCompile Include="$(MSBuildThisFileDirectory)RepeatedScrollSnapPoint.ixx" />
    <ClCompile Include="$(MSBuildThisFileDirectory)RepeatedZoomSnapPoint.ixx" />
    <ClCompile Include="$(MSBuildThisFileDirectory)ScrollControllerAddScrollVelocityRequestedEventArgs.ixx" />
    <ClCompile Include="$(MSBuildThisFileDirectory)ScrollControllerPanRequestedEventArgs.ixx" />
    <ClCompile Include="$(MSBuildThisFileDirectory)ScrollControllerScrollByRequestedEventArgs.ixx" />
    <ClCompile Include="$(MSBuildThisFileDirectory)ScrollControllerScrollToRequestedEventArgs.ixx" />
    <ClCompile Include="$(MSBuildThisFileDirectory)ScrollingAnchorRequestedEventArgs.ixx" />
    <ClCompile Include="$(MSBuildThisFileDirectory)ScrollingBringingIntoViewEventArgs.ixx" />
    <ClCompile Include="$(MSBuildThisFileDirectory)ScrollingScrollAnimationStartingEventArgs.ixx" />
    <ClCompile Include="$(MSBuildThisFileDirectory)ScrollingScrollCompletedEventArgs.ixx" />
    <ClCompile Include="$(MSBuildThisFileDirectory)ScrollingScrollOptions.ixx" />
    <ClCompile Include="$(MSBuildThisFileDirectory)ScrollingScrollStartingEventArgs.ixx" />
    <ClCompile Include="$(MSBuildThisFileDirectory)ScrollingZoomAnimationStartingEventArgs.ixx" />
    <ClCompile Include="$(MSBuildThisFileDirectory)ScrollingZoomCompletedEventArgs.ixx" />
    <ClCompile Include="$(MSBuildThisFileDirectory)ScrollingZoomOptions.ixx" />
    <ClCompile Include="$(MSBuildThisFileDirectory)ScrollingZoomStartingEventArgs.ixx" />
    <ClCompile Include="$(MSBuildThisFileDirectory)ScrollPresenter.ixx" />
    <ClCompile Include="$(MSBuildThisFileDirectory)ScrollPresenterAutomationPeer.ixx" />
    <ClCompile Include="$(MSBuildThisFileDirectory)ScrollPresenterTrace.ixx" />
    <ClCompile Include="$(MSBuildThisFileDirectory)ScrollPresenterTypeLogging.ixx" />
    <ClCompile Include="$(MSBuildThisFileDirectory)ScrollPresenterTestHooks.ixx" />
    <ClCompile Include="$(MSBuildThisFileDirectory)ScrollPresenterTestHooksAnchorEvaluatedEventArgs.ixx" />
    <ClCompile Include="$(MSBuildThisFileDirectory)ScrollPresenterTestHooksExpressionAnimationStatusChangedEventArgs.ixx" />
    <ClCompile Include="$(MSBuildThisFileDirectory)ScrollPresenterTestHooksFactory.ixx" />
    <ClCompile Include="$(MSBuildThisFileDirectory)ScrollPresenterTestHooksInteractionSourcesChangedEventArgs.ixx" />
    <ClCompile Include="$(MSBuildThisFileDirectory)ScrollSnapPoint.ixx" />
    <ClCompile Include="$(MSBuildThisFileDirectory)SnapPoint.ixx" />
    <ClCompile Include="$(MSBuildThisFileDirectory)SnapPointWrapper.ixx" />
    <ClCompile Include="$(MSBuildThisFileDirectory)ViewChange.ixx" />
    <ClCompile Include="$(MSBuildThisFileDirectory)ViewChangeBase.ixx" />
    <ClCompile Include="$(MSBuildThisFileDirectory)ZoomFactorChange.ixx" />
    <ClCompile Include="$(MSBuildThisFileDirectory)ZoomFactorChangeWithAdditionalVelocity.ixx" />
    <ClCompile Include="$(MSBuildThisFileDirectory)ZoomSnapPoint.ixx" />
  </ItemGroup>
</Project>