<?xml version="1.0" encoding="utf-8"?>
<Project ToolsVersion="15.0" xmlns="http://schemas.microsoft.com/developer/msbuild/2003">
  <ItemGroup>
    <Filter Include="Resources">
      <UniqueIdentifier>accd3aa8-1ba0-4223-9bbe-0c431709210b</UniqueIdentifier>
      <Extensions>rc;ico;cur;bmp;dlg;rc2;rct;bin;rgs;gif;jpg;jpeg;jpe;resx;tga;tiff;tif;png;wav;mfcribbon-ms</Extensions>
    </Filter>
    <Filter Include="Generated Files">
      <UniqueIdentifier>{926ab91d-31b4-48c3-b9a4-e681349f27f0}</UniqueIdentifier>
    </Filter>
    <Filter Include="inc">
      <UniqueIdentifier>{d196e16d-ea5c-41b6-a07d-6c2a4060c682}</UniqueIdentifier>
    </Filter>
    <Filter Include="dll">
      <UniqueIdentifier>{205910fb-3429-482d-9c90-fef8e2c9575f}</UniqueIdentifier>
    </Filter>
  </ItemGroup>
  <ItemGroup>
    <ClCompile Include="$(GeneratedFilesDir)module.g.cpp" />
    <ClCompile Include="CppWinRTModules.ixx" />
    <ClCompile Include="dll\SharedHelpers.cpp">
      <Filter>dll</Filter>
    </ClCompile>
    <ClCompile Include="dll\XamlControlsResources.cpp">
      <Filter>dll</Filter>
    </ClCompile>
    <ClCompile Include="inc\common.ixx">
      <Filter>inc</Filter>
    </ClCompile>
  </ItemGroup>
  <ItemGroup>
    <ClInclude Include="pch.h" />
    <ClInclude Include="inc\SharedHelpers.h">
      <Filter>inc</Filter>
    </ClInclude>
    <ClInclude Include="inc\StaticAssertFalse.h">
      <Filter>inc</Filter>
    </ClInclude>
    <ClInclude Include="inc\tracker_ref.h">
      <Filter>inc</Filter>
    </ClInclude>
    <ClInclude Include="inc\RuntimeClassHelpers.h">
      <Filter>inc</Filter>
    </ClInclude>
    <ClInclude Include="inc\event.h">
      <Filter>inc</Filter>
    </ClInclude>
    <ClInclude Include="inc\BoxHelpers.h">
      <Filter>inc</Filter>
    </ClInclude>
    <ClInclude Include="inc\CastHelpers.h">
      <Filter>inc</Filter>
    </ClInclude>
    <ClInclude Include="inc\CollectionHelper.h">
      <Filter>inc</Filter>
    </ClInclude>
    <ClInclude Include="inc\CppWinRTActivatableClassMacros.h">
      <Filter>inc</Filter>
    </ClInclude>
    <ClInclude Include="inc\CppWinRTHelpers.h">
      <Filter>inc</Filter>
    </ClInclude>
    <ClInclude Include="inc\ErrorHandling.h">
      <Filter>inc</Filter>
    </ClInclude>
    <ClInclude Include="inc\GlobalDependencyProperty.h">
      <Filter>inc</Filter>
    </ClInclude>
    <ClInclude Include="inc\RoutedEventHelpers.h">
      <Filter>inc</Filter>
    </ClInclude>
    <ClInclude Include="XamlTypeInfoActivationIncludes.h" />
  </ItemGroup>
  <ItemGroup>
    <None Include="PatchXamlTypeInfo.ps1" />
    <None Include="Islands.UI.Xaml.def" />
  </ItemGroup>
</Project>
